
Microsoft Visual Studio Solution File, Format Version 12.00
# Visual Studio Version 16
VisualStudioVersion = 16.0.31025.194
MinimumVisualStudioVersion = 10.0.40219.1
Project("{FAE04EC0-301F-11D3-BF4B-00C04F79EFBC}") = "ClientReservasi-072", "ClientReservasi-072\ClientReservasi-072.csproj", "{88BAB43A-BC4B-45F7-9304-3B937484AC69}"
EndProject
Global
	GlobalSection(SolutionConfigurationPlatforms) = preSolution
		Debug|Any CPU = Debug|Any CPU
		Release|Any CPU = Release|Any CPU
	EndGlobalSection
	GlobalSection(ProjectConfigurationPlatforms) = postSolution
		{88BAB43A-BC4B-45F7-9304-3B937484AC69}.Debug|Any CPU.ActiveCfg = Debug|Any CPU
		{88BAB43A-BC4B-45F7-9304-3B937484AC69}.Debug|Any CPU.Build.0 = Debug|Any CPU
		{88BAB43A-BC4B-45F7-9304-3B937484AC69}.Release|Any CPU.ActiveCfg = Release|Any CPU
		{88BAB43A-BC4B-45F7-9304-3B937484AC69}.Release|Any CPU.Build.0 = Release|Any CPU
	EndGlobalSection
	GlobalSection(SolutionProperties) = preSolution
		HideSolutionNode = FALSE
	EndGlobalSection
	GlobalSection(ExtensibilityGlobals) = postSolution
		SolutionGuid = {5E212DA8-79F8-42C9-96B9-A32E79A10262}
	EndGlobalSection
EndGlobal
